
Microsoft Visual Studio Solution File, Format Version 12.00
# Visual Studio Version 17
VisualStudioVersion = 17.7.34009.444
MinimumVisualStudioVersion = 10.0.40219.1
Project("{2150E333-8FDC-42A3-9474-1A3956D46DE8}") = "Services", "Services", "{84FBEAF7-1984-4100-B649-79DA9BF4BA84}"
EndProject
Project("{2150E333-8FDC-42A3-9474-1A3956D46DE8}") = "Catalog", "Catalog", "{A264DB5B-AC05-4992-95A4-957B2659A757}"
EndProject
Project("{9A19103F-16F7-4668-BE54-9A1E7A4F7556}") = "Catalog.API", "Services\Catalog\Catalog.API\Catalog.API.csproj", "{41C3C67D-FB31-462F-8C86-B040098D275B}"
EndProject
Project("{2150E333-8FDC-42A3-9474-1A3956D46DE8}") = "BuildingBlocks", "BuildingBlocks", "{10EA75C9-82E6-4482-B6C2-3F7BAFA0444F}"
EndProject
Project("{9A19103F-16F7-4668-BE54-9A1E7A4F7556}") = "BuildingBlocks", "BuildingBlocks\BuildingBlocks\BuildingBlocks.csproj", "{38E9345E-DF4D-41C5-BBDC-4D2EE2658A13}"
EndProject
Project("{E53339B2-1760-4266-BCC7-CA923CBCF16C}") = "docker-compose", "docker-compose.dcproj", "{228D3476-1BD0-453F-9C09-B555CA7F7360}"
EndProject
Global
	GlobalSection(SolutionConfigurationPlatforms) = preSolution
		Debug|Any CPU = Debug|Any CPU
		Release|Any CPU = Release|Any CPU
	EndGlobalSection
	GlobalSection(ProjectConfigurationPlatforms) = postSolution
		{41C3C67D-FB31-462F-8C86-B040098D275B}.Debug|Any CPU.ActiveCfg = Debug|Any CPU
		{41C3C67D-FB31-462F-8C86-B040098D275B}.Debug|Any CPU.Build.0 = Debug|Any CPU
		{41C3C67D-FB31-462F-8C86-B040098D275B}.Release|Any CPU.ActiveCfg = Release|Any CPU
		{41C3C67D-FB31-462F-8C86-B040098D275B}.Release|Any CPU.Build.0 = Release|Any CPU
		{38E9345E-DF4D-41C5-BBDC-4D2EE2658A13}.Debug|Any CPU.ActiveCfg = Debug|Any CPU
		{38E9345E-DF4D-41C5-BBDC-4D2EE2658A13}.Debug|Any CPU.Build.0 = Debug|Any CPU
		{38E9345E-DF4D-41C5-BBDC-4D2EE2658A13}.Release|Any CPU.ActiveCfg = Release|Any CPU
		{38E9345E-DF4D-41C5-BBDC-4D2EE2658A13}.Release|Any CPU.Build.0 = Release|Any CPU
		{228D3476-1BD0-453F-9C09-B555CA7F7360}.Debug|Any CPU.ActiveCfg = Debug|Any CPU
		{228D3476-1BD0-453F-9C09-B555CA7F7360}.Debug|Any CPU.Build.0 = Debug|Any CPU
		{228D3476-1BD0-453F-9C09-B555CA7F7360}.Release|Any CPU.ActiveCfg = Release|Any CPU
		{228D3476-1BD0-453F-9C09-B555CA7F7360}.Release|Any CPU.Build.0 = Release|Any CPU
	EndGlobalSection
	GlobalSection(SolutionProperties) = preSolution
		HideSolutionNode = FALSE
	EndGlobalSection
	GlobalSection(NestedProjects) = preSolution
		{A264DB5B-AC05-4992-95A4-957B2659A757} = {84FBEAF7-1984-4100-B649-79DA9BF4BA84}
		{41C3C67D-FB31-462F-8C86-B040098D275B} = {A264DB5B-AC05-4992-95A4-957B2659A757}
		{38E9345E-DF4D-41C5-BBDC-4D2EE2658A13} = {10EA75C9-82E6-4482-B6C2-3F7BAFA0444F}
	EndGlobalSection
	GlobalSection(ExtensibilityGlobals) = postSolution
		SolutionGuid = {BF2E07FB-AE40-4789-B6B6-C24FAF0DE71F}
	EndGlobalSection
EndGlobal
