
Microsoft Visual Studio Solution File, Format Version 12.00
# Visual Studio Version 17
VisualStudioVersion = 17.7.34009.444
MinimumVisualStudioVersion = 10.0.40219.1
Project("{2150E333-8FDC-42A3-9474-1A3956D46DE8}") = "Services", "Services", "{84FBEAF7-1984-4100-B649-79DA9BF4BA84}"
EndProject
Project("{2150E333-8FDC-42A3-9474-1A3956D46DE8}") = "Catalog", "Catalog", "{A264DB5B-AC05-4992-95A4-957B2659A757}"
EndProject
Project("{9A19103F-16F7-4668-BE54-9A1E7A4F7556}") = "Catalog.API", "Services\Catalog\Catalog.API\Catalog.API.csproj", "{41C3C67D-FB31-462F-8C86-B040098D275B}"
EndProject
Project("{2150E333-8FDC-42A3-9474-1A3956D46DE8}") = "BuildingBlocks", "BuildingBlocks", "{10EA75C9-82E6-4482-B6C2-3F7BAFA0444F}"
EndProject
Project("{9A19103F-16F7-4668-BE54-9A1E7A4F7556}") = "BuildingBlocks", "BuildingBlocks\BuildingBlocks\BuildingBlocks.csproj", "{38E9345E-DF4D-41C5-BBDC-4D2EE2658A13}"
EndProject
Project("{E53339B2-1760-4266-BCC7-CA923CBCF16C}") = "docker-compose", "docker-compose.dcproj", "{228D3476-1BD0-453F-9C09-B555CA7F7360}"
EndProject
Project("{2150E333-8FDC-42A3-9474-1A3956D46DE8}") = "Basket", "Basket", "{3FDDDAC8-C0CB-4860-ACC6-821F3498359F}"
EndProject
Project("{9A19103F-16F7-4668-BE54-9A1E7A4F7556}") = "Basket.API", "Services\Basket\Basket.API\Basket.API.csproj", "{CF0CA12F-DB65-4C6E-B341-14891F423F0D}"
EndProject
Project("{2150E333-8FDC-42A3-9474-1A3956D46DE8}") = "Discount", "Discount", "{300876F9-7685-4B3D-B480-51D81040F03A}"
EndProject
Project("{9A19103F-16F7-4668-BE54-9A1E7A4F7556}") = "Discount.Grpc", "Services\Discount\Discount.Grpc\Discount.Grpc.csproj", "{CB64A800-7771-4CC1-90DD-44F1A5D9D5BA}"
EndProject
Project("{2150E333-8FDC-42A3-9474-1A3956D46DE8}") = "Ordering", "Ordering", "{161A4122-8120-4353-86DF-86ACE8BF1129}"
EndProject
Project("{FAE04EC0-301F-11D3-BF4B-00C04F79EFBC}") = "Ordering.API", "Services\Ordering\Ordering.API\Ordering.API.csproj", "{8B8EC334-4AA2-41B0-B2A4-87CBE1E653E3}"
EndProject
Global
	GlobalSection(SolutionConfigurationPlatforms) = preSolution
		Debug|Any CPU = Debug|Any CPU
		Release|Any CPU = Release|Any CPU
	EndGlobalSection
	GlobalSection(ProjectConfigurationPlatforms) = postSolution
		{41C3C67D-FB31-462F-8C86-B040098D275B}.Debug|Any CPU.ActiveCfg = Debug|Any CPU
		{41C3C67D-FB31-462F-8C86-B040098D275B}.Debug|Any CPU.Build.0 = Debug|Any CPU
		{41C3C67D-FB31-462F-8C86-B040098D275B}.Release|Any CPU.ActiveCfg = Release|Any CPU
		{41C3C67D-FB31-462F-8C86-B040098D275B}.Release|Any CPU.Build.0 = Release|Any CPU
		{38E9345E-DF4D-41C5-BBDC-4D2EE2658A13}.Debug|Any CPU.ActiveCfg = Debug|Any CPU
		{38E9345E-DF4D-41C5-BBDC-4D2EE2658A13}.Debug|Any CPU.Build.0 = Debug|Any CPU
		{38E9345E-DF4D-41C5-BBDC-4D2EE2658A13}.Release|Any CPU.ActiveCfg = Release|Any CPU
		{38E9345E-DF4D-41C5-BBDC-4D2EE2658A13}.Release|Any CPU.Build.0 = Release|Any CPU
		{228D3476-1BD0-453F-9C09-B555CA7F7360}.Debug|Any CPU.ActiveCfg = Debug|Any CPU
		{228D3476-1BD0-453F-9C09-B555CA7F7360}.Debug|Any CPU.Build.0 = Debug|Any CPU
		{228D3476-1BD0-453F-9C09-B555CA7F7360}.Release|Any CPU.ActiveCfg = Release|Any CPU
		{228D3476-1BD0-453F-9C09-B555CA7F7360}.Release|Any CPU.Build.0 = Release|Any CPU
		{CF0CA12F-DB65-4C6E-B341-14891F423F0D}.Debug|Any CPU.ActiveCfg = Debug|Any CPU
		{CF0CA12F-DB65-4C6E-B341-14891F423F0D}.Debug|Any CPU.Build.0 = Debug|Any CPU
		{CF0CA12F-DB65-4C6E-B341-14891F423F0D}.Release|Any CPU.ActiveCfg = Release|Any CPU
		{CF0CA12F-DB65-4C6E-B341-14891F423F0D}.Release|Any CPU.Build.0 = Release|Any CPU
		{CB64A800-7771-4CC1-90DD-44F1A5D9D5BA}.Debug|Any CPU.ActiveCfg = Debug|Any CPU
		{CB64A800-7771-4CC1-90DD-44F1A5D9D5BA}.Debug|Any CPU.Build.0 = Debug|Any CPU
		{CB64A800-7771-4CC1-90DD-44F1A5D9D5BA}.Release|Any CPU.ActiveCfg = Release|Any CPU
		{CB64A800-7771-4CC1-90DD-44F1A5D9D5BA}.Release|Any CPU.Build.0 = Release|Any CPU
		{8B8EC334-4AA2-41B0-B2A4-87CBE1E653E3}.Debug|Any CPU.ActiveCfg = Debug|Any CPU
		{8B8EC334-4AA2-41B0-B2A4-87CBE1E653E3}.Debug|Any CPU.Build.0 = Debug|Any CPU
		{8B8EC334-4AA2-41B0-B2A4-87CBE1E653E3}.Release|Any CPU.ActiveCfg = Release|Any CPU
		{8B8EC334-4AA2-41B0-B2A4-87CBE1E653E3}.Release|Any CPU.Build.0 = Release|Any CPU
	EndGlobalSection
	GlobalSection(SolutionProperties) = preSolution
		HideSolutionNode = FALSE
	EndGlobalSection
	GlobalSection(NestedProjects) = preSolution
		{A264DB5B-AC05-4992-95A4-957B2659A757} = {84FBEAF7-1984-4100-B649-79DA9BF4BA84}
		{41C3C67D-FB31-462F-8C86-B040098D275B} = {A264DB5B-AC05-4992-95A4-957B2659A757}
		{38E9345E-DF4D-41C5-BBDC-4D2EE2658A13} = {10EA75C9-82E6-4482-B6C2-3F7BAFA0444F}
		{3FDDDAC8-C0CB-4860-ACC6-821F3498359F} = {84FBEAF7-1984-4100-B649-79DA9BF4BA84}
		{CF0CA12F-DB65-4C6E-B341-14891F423F0D} = {3FDDDAC8-C0CB-4860-ACC6-821F3498359F}
		{300876F9-7685-4B3D-B480-51D81040F03A} = {84FBEAF7-1984-4100-B649-79DA9BF4BA84}
		{CB64A800-7771-4CC1-90DD-44F1A5D9D5BA} = {300876F9-7685-4B3D-B480-51D81040F03A}
		{161A4122-8120-4353-86DF-86ACE8BF1129} = {84FBEAF7-1984-4100-B649-79DA9BF4BA84}
		{8B8EC334-4AA2-41B0-B2A4-87CBE1E653E3} = {161A4122-8120-4353-86DF-86ACE8BF1129}
	EndGlobalSection
	GlobalSection(ExtensibilityGlobals) = postSolution
		SolutionGuid = {BF2E07FB-AE40-4789-B6B6-C24FAF0DE71F}
	EndGlobalSection
EndGlobal
